
Microsoft Visual Studio Solution File, Format Version 12.00
# Visual Studio 15
VisualStudioVersion = 15.0.28307.645
MinimumVisualStudioVersion = 10.0.40219.1
Project("{2150E333-8FDC-42A3-9474-1A3956D46DE8}") = "1 - UI", "1 - UI", "{D4BC8B00-8D46-480C-863C-607C5E1C6661}"
EndProject
Project("{2150E333-8FDC-42A3-9474-1A3956D46DE8}") = "2 - Application", "2 - Application", "{1998B1AE-2CAA-42E5-84F4-C10F2142CDEC}"
EndProject
Project("{2150E333-8FDC-42A3-9474-1A3956D46DE8}") = "3 - Domain", "3 - Domain", "{58F7144D-9BDD-4684-AFAB-BE3C71C90C0B}"
EndProject
Project("{2150E333-8FDC-42A3-9474-1A3956D46DE8}") = "4 - Infra", "4 - Infra", "{C0CB2886-B08A-45BB-97B3-9D6129FF975D}"
EndProject
Project("{9A19103F-16F7-4668-BE54-9A1E7A4F7556}") = "Arch.Domain", "Arch.Domain\Arch.Domain.csproj", "{D96ABB6C-D507-41C5-8936-B4164A34340C}"
EndProject
Project("{9A19103F-16F7-4668-BE54-9A1E7A4F7556}") = "Arch.Application", "Arch.Application\Arch.Application.csproj", "{992391F7-64FD-4A77-9A8A-A6F03D319F19}"
EndProject
Project("{9A19103F-16F7-4668-BE54-9A1E7A4F7556}") = "Arch.Infra.Data", "Arch.Infra.Data\Arch.Infra.Data.csproj", "{45C94D86-3177-439F-99E2-53F54FF36378}"
EndProject
Project("{9A19103F-16F7-4668-BE54-9A1E7A4F7556}") = "Arch.Infra.IoC", "Arch.Infra.IoC\Arch.Infra.IoC.csproj", "{D82C46D8-E4C8-42C8-BECF-88FFB224BEEA}"
EndProject
Project("{9A19103F-16F7-4668-BE54-9A1E7A4F7556}") = "Arch.Infra.Shared", "Arch.Infra.Shared\Arch.Infra.Shared.csproj", "{9FF77622-2355-4B69-AE17-B3497175C9DE}"
EndProject
Project("{9A19103F-16F7-4668-BE54-9A1E7A4F7556}") = "Arch.Api", "Arch.Api\Arch.Api.csproj", "{85B21079-0E03-455B-BCF6-282E2A4F0349}"
EndProject
Project("{9A19103F-16F7-4668-BE54-9A1E7A4F7556}") = "Arch.Handler", "Arch.Handler\Arch.Handler.csproj", "{653F6333-094E-4DC0-B914-9D48D34C6D6E}"
EndProject
Project("{2150E333-8FDC-42A3-9474-1A3956D46DE8}") = "Tests", "Tests", "{5E76BA1F-B30D-4E4D-8CA6-36700B9D1441}"
EndProject
Project("{FAE04EC0-301F-11D3-BF4B-00C04F79EFBC}") = "Arch.Infra.Shared.Tests", "Arch.Infra.Shared.Tests\Arch.Infra.Shared.Tests.csproj", "{1F388E85-B0C2-4AB5-971E-2BA43923D453}"
EndProject
Project("{2150E333-8FDC-42A3-9474-1A3956D46DE8}") = "Tests", "Tests", "{BCA2C49A-52F3-48A2-80FA-45BFDA9B2A94}"
EndProject
Project("{FAE04EC0-301F-11D3-BF4B-00C04F79EFBC}") = "Arch.Handle.Tests", "Arch.Handle.Tests\Arch.Handle.Tests.csproj", "{76283CFF-1D6E-4176-B230-FFCF9CA2BE3A}"
EndProject
Global
	GlobalSection(SolutionConfigurationPlatforms) = preSolution
		Debug|Any CPU = Debug|Any CPU
		Release|Any CPU = Release|Any CPU
	EndGlobalSection
	GlobalSection(ProjectConfigurationPlatforms) = postSolution
		{D96ABB6C-D507-41C5-8936-B4164A34340C}.Debug|Any CPU.ActiveCfg = Debug|Any CPU
		{D96ABB6C-D507-41C5-8936-B4164A34340C}.Debug|Any CPU.Build.0 = Debug|Any CPU
		{D96ABB6C-D507-41C5-8936-B4164A34340C}.Release|Any CPU.ActiveCfg = Release|Any CPU
		{D96ABB6C-D507-41C5-8936-B4164A34340C}.Release|Any CPU.Build.0 = Release|Any CPU
		{992391F7-64FD-4A77-9A8A-A6F03D319F19}.Debug|Any CPU.ActiveCfg = Debug|Any CPU
		{992391F7-64FD-4A77-9A8A-A6F03D319F19}.Debug|Any CPU.Build.0 = Debug|Any CPU
		{992391F7-64FD-4A77-9A8A-A6F03D319F19}.Release|Any CPU.ActiveCfg = Release|Any CPU
		{992391F7-64FD-4A77-9A8A-A6F03D319F19}.Release|Any CPU.Build.0 = Release|Any CPU
		{45C94D86-3177-439F-99E2-53F54FF36378}.Debug|Any CPU.ActiveCfg = Debug|Any CPU
		{45C94D86-3177-439F-99E2-53F54FF36378}.Debug|Any CPU.Build.0 = Debug|Any CPU
		{45C94D86-3177-439F-99E2-53F54FF36378}.Release|Any CPU.ActiveCfg = Release|Any CPU
		{45C94D86-3177-439F-99E2-53F54FF36378}.Release|Any CPU.Build.0 = Release|Any CPU
		{D82C46D8-E4C8-42C8-BECF-88FFB224BEEA}.Debug|Any CPU.ActiveCfg = Debug|Any CPU
		{D82C46D8-E4C8-42C8-BECF-88FFB224BEEA}.Debug|Any CPU.Build.0 = Debug|Any CPU
		{D82C46D8-E4C8-42C8-BECF-88FFB224BEEA}.Release|Any CPU.ActiveCfg = Release|Any CPU
		{D82C46D8-E4C8-42C8-BECF-88FFB224BEEA}.Release|Any CPU.Build.0 = Release|Any CPU
		{9FF77622-2355-4B69-AE17-B3497175C9DE}.Debug|Any CPU.ActiveCfg = Debug|Any CPU
		{9FF77622-2355-4B69-AE17-B3497175C9DE}.Debug|Any CPU.Build.0 = Debug|Any CPU
		{9FF77622-2355-4B69-AE17-B3497175C9DE}.Release|Any CPU.ActiveCfg = Release|Any CPU
		{9FF77622-2355-4B69-AE17-B3497175C9DE}.Release|Any CPU.Build.0 = Release|Any CPU
		{85B21079-0E03-455B-BCF6-282E2A4F0349}.Debug|Any CPU.ActiveCfg = Debug|Any CPU
		{85B21079-0E03-455B-BCF6-282E2A4F0349}.Debug|Any CPU.Build.0 = Debug|Any CPU
		{85B21079-0E03-455B-BCF6-282E2A4F0349}.Release|Any CPU.ActiveCfg = Release|Any CPU
		{85B21079-0E03-455B-BCF6-282E2A4F0349}.Release|Any CPU.Build.0 = Release|Any CPU
		{653F6333-094E-4DC0-B914-9D48D34C6D6E}.Debug|Any CPU.ActiveCfg = Debug|Any CPU
		{653F6333-094E-4DC0-B914-9D48D34C6D6E}.Debug|Any CPU.Build.0 = Debug|Any CPU
		{653F6333-094E-4DC0-B914-9D48D34C6D6E}.Release|Any CPU.ActiveCfg = Release|Any CPU
		{653F6333-094E-4DC0-B914-9D48D34C6D6E}.Release|Any CPU.Build.0 = Release|Any CPU
		{1F388E85-B0C2-4AB5-971E-2BA43923D453}.Debug|Any CPU.ActiveCfg = Debug|Any CPU
		{1F388E85-B0C2-4AB5-971E-2BA43923D453}.Debug|Any CPU.Build.0 = Debug|Any CPU
		{1F388E85-B0C2-4AB5-971E-2BA43923D453}.Release|Any CPU.ActiveCfg = Release|Any CPU
		{1F388E85-B0C2-4AB5-971E-2BA43923D453}.Release|Any CPU.Build.0 = Release|Any CPU
		{76283CFF-1D6E-4176-B230-FFCF9CA2BE3A}.Debug|Any CPU.ActiveCfg = Debug|Any CPU
		{76283CFF-1D6E-4176-B230-FFCF9CA2BE3A}.Debug|Any CPU.Build.0 = Debug|Any CPU
		{76283CFF-1D6E-4176-B230-FFCF9CA2BE3A}.Release|Any CPU.ActiveCfg = Release|Any CPU
		{76283CFF-1D6E-4176-B230-FFCF9CA2BE3A}.Release|Any CPU.Build.0 = Release|Any CPU
	EndGlobalSection
	GlobalSection(SolutionProperties) = preSolution
		HideSolutionNode = FALSE
	EndGlobalSection
	GlobalSection(NestedProjects) = preSolution
		{D96ABB6C-D507-41C5-8936-B4164A34340C} = {58F7144D-9BDD-4684-AFAB-BE3C71C90C0B}
		{992391F7-64FD-4A77-9A8A-A6F03D319F19} = {1998B1AE-2CAA-42E5-84F4-C10F2142CDEC}
		{45C94D86-3177-439F-99E2-53F54FF36378} = {C0CB2886-B08A-45BB-97B3-9D6129FF975D}
		{D82C46D8-E4C8-42C8-BECF-88FFB224BEEA} = {C0CB2886-B08A-45BB-97B3-9D6129FF975D}
		{9FF77622-2355-4B69-AE17-B3497175C9DE} = {C0CB2886-B08A-45BB-97B3-9D6129FF975D}
		{85B21079-0E03-455B-BCF6-282E2A4F0349} = {D4BC8B00-8D46-480C-863C-607C5E1C6661}
		{653F6333-094E-4DC0-B914-9D48D34C6D6E} = {1998B1AE-2CAA-42E5-84F4-C10F2142CDEC}
		{5E76BA1F-B30D-4E4D-8CA6-36700B9D1441} = {C0CB2886-B08A-45BB-97B3-9D6129FF975D}
		{1F388E85-B0C2-4AB5-971E-2BA43923D453} = {5E76BA1F-B30D-4E4D-8CA6-36700B9D1441}
		{BCA2C49A-52F3-48A2-80FA-45BFDA9B2A94} = {1998B1AE-2CAA-42E5-84F4-C10F2142CDEC}
		{76283CFF-1D6E-4176-B230-FFCF9CA2BE3A} = {BCA2C49A-52F3-48A2-80FA-45BFDA9B2A94}
	EndGlobalSection
	GlobalSection(ExtensibilityGlobals) = postSolution
		SolutionGuid = {E45E5150-F1A3-458D-8A37-AE2E35D2D6B5}
	EndGlobalSection
EndGlobal
